# Generated by buf. DO NOT EDIT.
version: v2
deps:
  - name: buf.build/acme/paymentapis
    commit: 9a877cf260e1488d869a31fce3bea26d
    digest: b5:9c3a5e50575745cc1e447d26a7b9735cb8c334f9b3c1f42b5d81fa09f8744633e072fdde5d83e31e1d9532a7a884f89fe64b4e1ef4756da33cce2ebe8fe89436
  - name: buf.build/acme/petapis
    commit: 7abdb7802c8f4737a1a23a35ca8266ef
    digest: b5:3d90d711c73e8dbe605e8815df1a4a4ab90128ea8049fb5d4a4392bece87e05eb583bd7483c017266d1fe555d0f124bb827733e124f85d0a651ae6b9b845ca3d
  - name: buf.build/envoyproxy/protoc-gen-validate
    commit: eac44469a7af47e7839a7f1f3d7ac004
    digest: b5:2ef7b25d9671fde82d58278e94d209788fb6a42936cc2d60e42303b67dcdb72b2d0e121238ba44caf1870a34edab55518df5d3f1ee1e62b8d9b6cf98817eae6e
  - name: buf.build/googleapis/googleapis
    commit: 62f35d8aed1149c291d606d958a7ce32
    digest: b5:d66bf04adc77a0870bdc9328aaf887c7188a36fb02b83a480dc45ef9dc031b4d39fc6e9dc6435120ccf4fe5bfd5c6cb6592533c6c316595571f9a31420ab47fe
